
Microsoft Visual Studio Solution File, Format Version 12.00
# Visual Studio 14
VisualStudioVersion = 14.0.23107.0
MinimumVisualStudioVersion = 10.0.40219.1
Project("{FAE04EC0-301F-11D3-BF4B-00C04F79EFBC}") = "NlbCompatModule", "NlbCompatModule\NlbCompatModule.csproj", "{4871F120-ED12-499A-8DEE-CB01CEC8769E}"
EndProject
Project("{FAE04EC0-301F-11D3-BF4B-00C04F79EFBC}") = "NlbCompatModule.Tests", "NlbCompatModule.Tests\NlbCompatModule.Tests.csproj", "{0309D316-6294-4077-8EB0-4F0D24E72F96}"
EndProject
Global
	GlobalSection(SolutionConfigurationPlatforms) = preSolution
		Debug|Any CPU = Debug|Any CPU
		Release|Any CPU = Release|Any CPU
	EndGlobalSection
	GlobalSection(ProjectConfigurationPlatforms) = postSolution
		{4871F120-ED12-499A-8DEE-CB01CEC8769E}.Debug|Any CPU.ActiveCfg = Debug|Any CPU
		{4871F120-ED12-499A-8DEE-CB01CEC8769E}.Debug|Any CPU.Build.0 = Debug|Any CPU
		{4871F120-ED12-499A-8DEE-CB01CEC8769E}.Release|Any CPU.ActiveCfg = Release|Any CPU
		{4871F120-ED12-499A-8DEE-CB01CEC8769E}.Release|Any CPU.Build.0 = Release|Any CPU
		{0309D316-6294-4077-8EB0-4F0D24E72F96}.Debug|Any CPU.ActiveCfg = Debug|Any CPU
		{0309D316-6294-4077-8EB0-4F0D24E72F96}.Debug|Any CPU.Build.0 = Debug|Any CPU
		{0309D316-6294-4077-8EB0-4F0D24E72F96}.Release|Any CPU.ActiveCfg = Release|Any CPU
		{0309D316-6294-4077-8EB0-4F0D24E72F96}.Release|Any CPU.Build.0 = Release|Any CPU
	EndGlobalSection
	GlobalSection(SolutionProperties) = preSolution
		HideSolutionNode = FALSE
	EndGlobalSection
EndGlobal
